
Microsoft Visual Studio Solution File, Format Version 12.00
Project("{FAE04EC0-301F-11D3-BF4B-00C04F79EFBC}") = "ModLoader", "ModLoader\ModLoader.csproj", "{65C06865-5AA3-42C9-B905-D7BEBEEADBFC}"
EndProject
Project("{2150E333-8FDC-42A3-9474-1A3956D46DE8}") = "Mods", "Mods", "{CCF36A88-3EF1-4A0F-8C45-28FB5009A5BF}"
EndProject
Project("{2150E333-8FDC-42A3-9474-1A3956D46DE8}") = "Tainted", "Tainted", "{FDF14829-C1AF-4753-A9F2-78C396124120}"
EndProject
Project("{FAE04EC0-301F-11D3-BF4B-00C04F79EFBC}") = "ExampleMod1", "Examples\ExampleMod1\ExampleMod1.csproj", "{0A0BA294-ABFE-4CCA-92E4-D99284AC8AD3}"
EndProject
Project("{FAE04EC0-301F-11D3-BF4B-00C04F79EFBC}") = "ExampleMod2", "Examples\ExampleMod2\ExampleMod2.csproj", "{7A04D941-EEA5-46E2-9FA3-1446C7BB67E4}"
EndProject
Project("{FAE04EC0-301F-11D3-BF4B-00C04F79EFBC}") = "Assembly-CSharp-firstpass-linux", "Tainted\Assembly-CSharp-firstpass-linux\Assembly-CSharp-firstpass-linux.csproj", "{146A110D-4903-4763-8E58-770EF2F57672}"
EndProject
Project("{FAE04EC0-301F-11D3-BF4B-00C04F79EFBC}") = "Assembly-CSharp-firstpass-windows", "Tainted\Assembly-CSharp-firstpass-windows\Assembly-CSharp-firstpass-windows.csproj", "{FF9E0ED9-831F-406C-9CC9-AB6632BFFBF5}"
EndProject
Project("{FAE04EC0-301F-11D3-BF4B-00C04F79EFBC}") = "DoorCharger", "Examples\DoorCharger\DoorCharger.csproj", "{D96C0BD7-7BD0-41B8-B7D5-4CA3377DA52A}"
EndProject
Global
	GlobalSection(SolutionConfigurationPlatforms) = preSolution
		Debug|Any CPU = Debug|Any CPU
		Release|Any CPU = Release|Any CPU
	EndGlobalSection
	GlobalSection(ProjectConfigurationPlatforms) = postSolution
		{65C06865-5AA3-42C9-B905-D7BEBEEADBFC}.Release|Any CPU.ActiveCfg = Release|Any CPU
		{65C06865-5AA3-42C9-B905-D7BEBEEADBFC}.Release|Any CPU.Build.0 = Release|Any CPU
		{65C06865-5AA3-42C9-B905-D7BEBEEADBFC}.Debug|Any CPU.ActiveCfg = Release|Any CPU
		{65C06865-5AA3-42C9-B905-D7BEBEEADBFC}.Debug|Any CPU.Build.0 = Release|Any CPU
		{0A0BA294-ABFE-4CCA-92E4-D99284AC8AD3}.Debug|Any CPU.ActiveCfg = Debug|Any CPU
		{0A0BA294-ABFE-4CCA-92E4-D99284AC8AD3}.Debug|Any CPU.Build.0 = Debug|Any CPU
		{0A0BA294-ABFE-4CCA-92E4-D99284AC8AD3}.Release|Any CPU.ActiveCfg = Release|Any CPU
		{0A0BA294-ABFE-4CCA-92E4-D99284AC8AD3}.Release|Any CPU.Build.0 = Release|Any CPU
		{7A04D941-EEA5-46E2-9FA3-1446C7BB67E4}.Debug|Any CPU.ActiveCfg = Debug|Any CPU
		{7A04D941-EEA5-46E2-9FA3-1446C7BB67E4}.Debug|Any CPU.Build.0 = Debug|Any CPU
		{7A04D941-EEA5-46E2-9FA3-1446C7BB67E4}.Release|Any CPU.ActiveCfg = Release|Any CPU
		{7A04D941-EEA5-46E2-9FA3-1446C7BB67E4}.Release|Any CPU.Build.0 = Release|Any CPU
		{146A110D-4903-4763-8E58-770EF2F57672}.Debug|Any CPU.ActiveCfg = Debug|Any CPU
		{146A110D-4903-4763-8E58-770EF2F57672}.Debug|Any CPU.Build.0 = Debug|Any CPU
		{146A110D-4903-4763-8E58-770EF2F57672}.Release|Any CPU.ActiveCfg = Release|Any CPU
		{146A110D-4903-4763-8E58-770EF2F57672}.Release|Any CPU.Build.0 = Release|Any CPU
		{FF9E0ED9-831F-406C-9CC9-AB6632BFFBF5}.Debug|Any CPU.ActiveCfg = Debug|Any CPU
		{FF9E0ED9-831F-406C-9CC9-AB6632BFFBF5}.Debug|Any CPU.Build.0 = Debug|Any CPU
		{FF9E0ED9-831F-406C-9CC9-AB6632BFFBF5}.Release|Any CPU.ActiveCfg = Release|Any CPU
		{FF9E0ED9-831F-406C-9CC9-AB6632BFFBF5}.Release|Any CPU.Build.0 = Release|Any CPU
		{D96C0BD7-7BD0-41B8-B7D5-4CA3377DA52A}.Debug|Any CPU.ActiveCfg = Debug|Any CPU
		{D96C0BD7-7BD0-41B8-B7D5-4CA3377DA52A}.Debug|Any CPU.Build.0 = Debug|Any CPU
		{D96C0BD7-7BD0-41B8-B7D5-4CA3377DA52A}.Release|Any CPU.ActiveCfg = Release|Any CPU
		{D96C0BD7-7BD0-41B8-B7D5-4CA3377DA52A}.Release|Any CPU.Build.0 = Release|Any CPU
	EndGlobalSection
	GlobalSection(NestedProjects) = preSolution
		{0A0BA294-ABFE-4CCA-92E4-D99284AC8AD3} = {CCF36A88-3EF1-4A0F-8C45-28FB5009A5BF}
		{7A04D941-EEA5-46E2-9FA3-1446C7BB67E4} = {CCF36A88-3EF1-4A0F-8C45-28FB5009A5BF}
		{146A110D-4903-4763-8E58-770EF2F57672} = {FDF14829-C1AF-4753-A9F2-78C396124120}
		{FF9E0ED9-831F-406C-9CC9-AB6632BFFBF5} = {FDF14829-C1AF-4753-A9F2-78C396124120}
		{D96C0BD7-7BD0-41B8-B7D5-4CA3377DA52A} = {CCF36A88-3EF1-4A0F-8C45-28FB5009A5BF}
	EndGlobalSection
EndGlobal
